
Microsoft Visual Studio Solution File, Format Version 12.00
# Visual Studio Version 16
VisualStudioVersion = 16.0.29306.81
MinimumVisualStudioVersion = 10.0.40219.1
Project("{FAE04EC0-301F-11D3-BF4B-00C04F79EFBC}") = "Sales App", "Cinema Management\Sales App.csproj", "{4BE5BC05-E159-4AF7-92FC-BFA95132E58D}"
EndProject
Project("{FAE04EC0-301F-11D3-BF4B-00C04F79EFBC}") = "DAO", "DAO\DAO.csproj", "{3ED25CA7-06DC-4B8D-BF43-C221BC6799E5}"
EndProject
Project("{FAE04EC0-301F-11D3-BF4B-00C04F79EFBC}") = "DTO", "DTO\DTO.csproj", "{ECC9CC9D-ACB6-4BF1-B829-D34F0935E6DB}"
EndProject
Project("{FAE04EC0-301F-11D3-BF4B-00C04F79EFBC}") = "BUS", "BUS\BUS.csproj", "{CA35A17F-21A7-4B4D-B12C-BFDC38179A1B}"
EndProject
Project("{FAE04EC0-301F-11D3-BF4B-00C04F79EFBC}") = "Book Tickets App", "Book Tickets App\Book Tickets App.csproj", "{3A26F767-805D-428E-AABD-717EE2A7E371}"
EndProject
Project("{FAE04EC0-301F-11D3-BF4B-00C04F79EFBC}") = "Manage App", "Manage App\Manage App.csproj", "{F7A33B31-BFC7-4B0C-B5BB-A32C89DBA81F}"
EndProject
Global
	GlobalSection(SolutionConfigurationPlatforms) = preSolution
		Debug|Any CPU = Debug|Any CPU
		Release|Any CPU = Release|Any CPU
	EndGlobalSection
	GlobalSection(ProjectConfigurationPlatforms) = postSolution
		{4BE5BC05-E159-4AF7-92FC-BFA95132E58D}.Debug|Any CPU.ActiveCfg = Debug|Any CPU
		{4BE5BC05-E159-4AF7-92FC-BFA95132E58D}.Debug|Any CPU.Build.0 = Debug|Any CPU
		{4BE5BC05-E159-4AF7-92FC-BFA95132E58D}.Release|Any CPU.ActiveCfg = Release|Any CPU
		{4BE5BC05-E159-4AF7-92FC-BFA95132E58D}.Release|Any CPU.Build.0 = Release|Any CPU
		{3ED25CA7-06DC-4B8D-BF43-C221BC6799E5}.Debug|Any CPU.ActiveCfg = Debug|Any CPU
		{3ED25CA7-06DC-4B8D-BF43-C221BC6799E5}.Debug|Any CPU.Build.0 = Debug|Any CPU
		{3ED25CA7-06DC-4B8D-BF43-C221BC6799E5}.Release|Any CPU.ActiveCfg = Release|Any CPU
		{3ED25CA7-06DC-4B8D-BF43-C221BC6799E5}.Release|Any CPU.Build.0 = Release|Any CPU
		{ECC9CC9D-ACB6-4BF1-B829-D34F0935E6DB}.Debug|Any CPU.ActiveCfg = Debug|Any CPU
		{ECC9CC9D-ACB6-4BF1-B829-D34F0935E6DB}.Debug|Any CPU.Build.0 = Debug|Any CPU
		{ECC9CC9D-ACB6-4BF1-B829-D34F0935E6DB}.Release|Any CPU.ActiveCfg = Release|Any CPU
		{ECC9CC9D-ACB6-4BF1-B829-D34F0935E6DB}.Release|Any CPU.Build.0 = Release|Any CPU
		{CA35A17F-21A7-4B4D-B12C-BFDC38179A1B}.Debug|Any CPU.ActiveCfg = Debug|Any CPU
		{CA35A17F-21A7-4B4D-B12C-BFDC38179A1B}.Debug|Any CPU.Build.0 = Debug|Any CPU
		{CA35A17F-21A7-4B4D-B12C-BFDC38179A1B}.Release|Any CPU.ActiveCfg = Release|Any CPU
		{CA35A17F-21A7-4B4D-B12C-BFDC38179A1B}.Release|Any CPU.Build.0 = Release|Any CPU
		{3A26F767-805D-428E-AABD-717EE2A7E371}.Debug|Any CPU.ActiveCfg = Debug|Any CPU
		{3A26F767-805D-428E-AABD-717EE2A7E371}.Debug|Any CPU.Build.0 = Debug|Any CPU
		{3A26F767-805D-428E-AABD-717EE2A7E371}.Release|Any CPU.ActiveCfg = Release|Any CPU
		{3A26F767-805D-428E-AABD-717EE2A7E371}.Release|Any CPU.Build.0 = Release|Any CPU
		{F7A33B31-BFC7-4B0C-B5BB-A32C89DBA81F}.Debug|Any CPU.ActiveCfg = Debug|Any CPU
		{F7A33B31-BFC7-4B0C-B5BB-A32C89DBA81F}.Debug|Any CPU.Build.0 = Debug|Any CPU
		{F7A33B31-BFC7-4B0C-B5BB-A32C89DBA81F}.Release|Any CPU.ActiveCfg = Release|Any CPU
		{F7A33B31-BFC7-4B0C-B5BB-A32C89DBA81F}.Release|Any CPU.Build.0 = Release|Any CPU
	EndGlobalSection
	GlobalSection(SolutionProperties) = preSolution
		HideSolutionNode = FALSE
	EndGlobalSection
	GlobalSection(ExtensibilityGlobals) = postSolution
		SolutionGuid = {C71011CE-C5A1-4187-98E4-C1DD3BE4B8E6}
	EndGlobalSection
EndGlobal
